# This file is automatically @generated by Cargo.
# It is not intended for manual editing.
[[package]]
name = "httpd"
version = "0.1.0"
dependencies = [
 "thread-pool 0.1.1 (registry+https://github.com/rust-lang/crates.io-index)",
]

[[package]]
name = "libc"
version = "0.2.58"
source = "registry+https://github.com/rust-lang/crates.io-index"

[[package]]
name = "num_cpus"
version = "1.10.0"
source = "registry+https://github.com/rust-lang/crates.io-index"
dependencies = [
 "libc 0.2.58 (registry+https://github.com/rust-lang/crates.io-index)",
]

[[package]]
name = "thread-pool"
version = "0.1.1"
source = "registry+https://github.com/rust-lang/crates.io-index"
dependencies = [
 "num_cpus 1.10.0 (registry+https://github.com/rust-lang/crates.io-index)",
 "two-lock-queue 0.1.1 (registry+https://github.com/rust-lang/crates.io-index)",
]

[[package]]
name = "two-lock-queue"
version = "0.1.1"
source = "registry+https://github.com/rust-lang/crates.io-index"

[metadata]
"checksum libc 0.2.58 (registry+https://github.com/rust-lang/crates.io-index)" = "6281b86796ba5e4366000be6e9e18bf35580adf9e63fbe2294aadb587613a319"
"checksum num_cpus 1.10.0 (registry+https://github.com/rust-lang/crates.io-index)" = "1a23f0ed30a54abaa0c7e83b1d2d87ada7c3c23078d1d87815af3e3b6385fbba"
"checksum thread-pool 0.1.1 (registry+https://github.com/rust-lang/crates.io-index)" = "521ce173ddcb414aff269069162a767bd6503470f8dbd00cf6b576059b143c94"
"checksum two-lock-queue 0.1.1 (registry+https://github.com/rust-lang/crates.io-index)" = "bdabfad4e8dcb814adfc10fbe446a7388a7e0eea8453d419dbc272101dc82fa9"
